// !$*UTF8*$!
{
	archiveVersion = 1;
	classes = {
	};
	objectVersion = 46;
	objects = {

/* Begin PBXBuildFile section */
		8819A5F81E135DE300DD25E5 /* AppDelegate.swift in Sources */ = {isa = PBXBuildFile; fileRef = 8819A5F71E135DE300DD25E5 /* AppDelegate.swift */; };
		8819A5FA1E135DE300DD25E5 /* ViewController.swift in Sources */ = {isa = PBXBuildFile; fileRef = 8819A5F91E135DE300DD25E5 /* ViewController.swift */; };
		8819A5FF1E135DE300DD25E5 /* Assets.xcassets in Resources */ = {isa = PBXBuildFile; fileRef = 8819A5FE1E135DE300DD25E5 /* Assets.xcassets */; };
		8819A6021E135DE300DD25E5 /* LaunchScreen.storyboard in Resources */ = {isa = PBXBuildFile; fileRef = 8819A6001E135DE300DD25E5 /* LaunchScreen.storyboard */; };
		8819A60A1E136D7700DD25E5 /* GoogleService-Info.plist in Resources */ = {isa = PBXBuildFile; fileRef = 8819A6091E136D7700DD25E5 /* GoogleService-Info.plist */; };
		88A9B84E1E13A1A700B68394 /* LoggedInViewController.swift in Sources */ = {isa = PBXBuildFile; fileRef = 88A9B84D1E13A1A700B68394 /* LoggedInViewController.swift */; };
		88D925971E1378B000759134 /* User.swift in Sources */ = {isa = PBXBuildFile; fileRef = 88D925961E1378B000759134 /* User.swift */; };
		BF0DB6304001EF70EE2907AC /* Pods_loginTestApp.framework in Frameworks */ = {isa = PBXBuildFile; fileRef = 74FBB46717924F1178E336CE /* Pods_loginTestApp.framework */; };
/* End PBXBuildFile section */

/* Begin PBXFileReference section */
		2B8D2EB3FA666D0FE1D19424 /* Pods-loginTestApp.debug.xcconfig */ = {isa = PBXFileReference; includeInIndex = 1; lastKnownFileType = text.xcconfig; name = "Pods-loginTestApp.debug.xcconfig"; path = "Pods/Target Support Files/Pods-loginTestApp/Pods-loginTestApp.debug.xcconfig"; sourceTree = "<group>"; };
		74FBB46717924F1178E336CE /* Pods_loginTestApp.framework */ = {isa = PBXFileReference; explicitFileType = wrapper.framework; includeInIndex = 0; path = Pods_loginTestApp.framework; sourceTree = BUILT_PRODUCTS_DIR; };
		8819A5F41E135DE300DD25E5 /* loginTestApp.app */ = {isa = PBXFileReference; explicitFileType = wrapper.application; includeInIndex = 0; path = loginTestApp.app; sourceTree = BUILT_PRODUCTS_DIR; };
		8819A5F71E135DE300DD25E5 /* AppDelegate.swift */ = {isa = PBXFileReference; lastKnownFileType = sourcecode.swift; path = AppDelegate.swift; sourceTree = "<group>"; };
		8819A5F91E135DE300DD25E5 /* ViewController.swift */ = {isa = PBXFileReference; lastKnownFileType = sourcecode.swift; path = ViewController.swift; sourceTree = "<group>"; };
		8819A5FE1E135DE300DD25E5 /* Assets.xcassets */ = {isa = PBXFileReference; lastKnownFileType = folder.assetcatalog; path = Assets.xcassets; sourceTree = "<group>"; };
		8819A6011E135DE300DD25E5 /* Base */ = {isa = PBXFileReference; lastKnownFileType = file.storyboard; name = Base; path = Base.lproj/LaunchScreen.storyboard; sourceTree = "<group>"; };
		8819A6031E135DE300DD25E5 /* Info.plist */ = {isa = PBXFileReference; lastKnownFileType = text.plist.xml; path = Info.plist; sourceTree = "<group>"; };
		8819A6091E136D7700DD25E5 /* GoogleService-Info.plist */ = {isa = PBXFileReference; fileEncoding = 4; lastKnownFileType = text.plist.xml; path = "GoogleService-Info.plist"; sourceTree = "<group>"; };
		88A9B84D1E13A1A700B68394 /* LoggedInViewController.swift */ = {isa = PBXFileReference; fileEncoding = 4; lastKnownFileType = sourcecode.swift; path = LoggedInViewController.swift; sourceTree = "<group>"; };
		88D925961E1378B000759134 /* User.swift */ = {isa = PBXFileReference; fileEncoding = 4; lastKnownFileType = sourcecode.swift; path = User.swift; sourceTree = "<group>"; };
		9C83C87649C9F83B284F5D2C /* Pods-loginTestApp.release.xcconfig */ = {isa = PBXFileReference; includeInIndex = 1; lastKnownFileType = text.xcconfig; name = "Pods-loginTestApp.release.xcconfig"; path = "Pods/Target Support Files/Pods-loginTestApp/Pods-loginTestApp.release.xcconfig"; sourceTree = "<group>"; };
/* End PBXFileReference section */

/* Begin PBXFrameworksBuildPhase section */
		8819A5F11E135DE300DD25E5 /* Frameworks */ = {
			isa = PBXFrameworksBuildPhase;
			buildActionMask = 2147483647;
			files = (
				BF0DB6304001EF70EE2907AC /* Pods_loginTestApp.framework in Frameworks */,
			);
			runOnlyForDeploymentPostprocessing = 0;
		};
/* End PBXFrameworksBuildPhase section */

/* Begin PBXGroup section */
		83E2B086A597903CFFB7D401 /* Frameworks */ = {
			isa = PBXGroup;
			children = (
				74FBB46717924F1178E336CE /* Pods_loginTestApp.framework */,
			);
			name = Frameworks;
			sourceTree = "<group>";
		};
		8819A5EB1E135DE300DD25E5 = {
			isa = PBXGroup;
			children = (
				8819A5F61E135DE300DD25E5 /* loginTestApp */,
				8819A5F51E135DE300DD25E5 /* Products */,
				985F34600BE14B147D7A5601 /* Pods */,
				83E2B086A597903CFFB7D401 /* Frameworks */,
			);
			sourceTree = "<group>";
		};
		8819A5F51E135DE300DD25E5 /* Products */ = {
			isa = PBXGroup;
			children = (
				8819A5F41E135DE300DD25E5 /* loginTestApp.app */,
			);
			name = Products;
			sourceTree = "<group>";
		};
		8819A5F61E135DE300DD25E5 /* loginTestApp */ = {
			isa = PBXGroup;
			children = (
				8819A5F71E135DE300DD25E5 /* AppDelegate.swift */,
				8819A5F91E135DE300DD25E5 /* ViewController.swift */,
				8819A5FE1E135DE300DD25E5 /* Assets.xcassets */,
				8819A6001E135DE300DD25E5 /* LaunchScreen.storyboard */,
				8819A6031E135DE300DD25E5 /* Info.plist */,
				8819A6091E136D7700DD25E5 /* GoogleService-Info.plist */,
				88D925961E1378B000759134 /* User.swift */,
				88A9B84D1E13A1A700B68394 /* LoggedInViewController.swift */,
			);
			path = loginTestApp;
			sourceTree = "<group>";
		};
		985F34600BE14B147D7A5601 /* Pods */ = {
			isa = PBXGroup;
			children = (
				2B8D2EB3FA666D0FE1D19424 /* Pods-loginTestApp.debug.xcconfig */,
				9C83C87649C9F83B284F5D2C /* Pods-loginTestApp.release.xcconfig */,
			);
			name = Pods;
			sourceTree = "<group>";
		};
/* End PBXGroup section */

/* Begin PBXNativeTarget section */
		8819A5F31E135DE300DD25E5 /* loginTestApp */ = {
			isa = PBXNativeTarget;
			buildConfigurationList = 8819A6061E135DE300DD25E5 /* Build configuration list for PBXNativeTarget "loginTestApp" */;
			buildPhases = (
				66967A667573EFAA6CFBAC4D /* [CP] Check Pods Manifest.lock */,
				8819A5F01E135DE300DD25E5 /* Sources */,
				8819A5F11E135DE300DD25E5 /* Frameworks */,
				8819A5F21E135DE300DD25E5 /* Resources */,
				80E05E706F58B5E1AC8CF697 /* [CP] Embed Pods Frameworks */,
				D80423388D43C084061BF0A1 /* [CP] Copy Pods Resources */,
			);
			buildRules = (
			);
			dependencies = (
			);
			name = loginTestApp;
			productName = loginTestApp;
			productReference = 8819A5F41E135DE300DD25E5 /* loginTestApp.app */;
			productType = "com.apple.product-type.application";
		};
/* End PBXNativeTarget section */

/* Begin PBXProject section */
		8819A5EC1E135DE300DD25E5 /* Project object */ = {
			isa = PBXProject;
			attributes = {
				LastSwiftUpdateCheck = 0820;
				LastUpgradeCheck = 0820;
				ORGANIZATIONNAME = "Jesse Alltop";
				TargetAttributes = {
					8819A5F31E135DE300DD25E5 = {
						CreatedOnToolsVersion = 8.2;
						DevelopmentTeam = 43A7KU2U67;
						ProvisioningStyle = Automatic;
					};
				};
			};
			buildConfigurationList = 8819A5EF1E135DE300DD25E5 /* Build configuration list for PBXProject "loginTestApp" */;
			compatibilityVersion = "Xcode 3.2";
			developmentRegion = English;
			hasScannedForEncodings = 0;
			knownRegions = (
				en,
				Base,
			);
			mainGroup = 8819A5EB1E135DE300DD25E5;
			productRefGroup = 8819A5F51E135DE300DD25E5 /* Products */;
			projectDirPath = "";
			projectRoot = "";
			targets = (
				8819A5F31E135DE300DD25E5 /* loginTestApp */,
			);
		};
/* End PBXProject section */

/* Begin PBXResourcesBuildPhase section */
		8819A5F21E135DE300DD25E5 /* Resources */ = {
			isa = PBXResourcesBuildPhase;
			buildActionMask = 2147483647;
			files = (
				8819A6021E135DE300DD25E5 /* LaunchScreen.storyboard in Resources */,
				8819A5FF1E135DE300DD25E5 /* Assets.xcassets in Resources */,
				8819A60A1E136D7700DD25E5 /* GoogleService-Info.plist in Resources */,
			);
			runOnlyForDeploymentPostprocessing = 0;
		};
/* End PBXResourcesBuildPhase section */

/* Begin PBXShellScriptBuildPhase section */
		66967A667573EFAA6CFBAC4D /* [CP] Check Pods Manifest.lock */ = {
			isa = PBXShellScriptBuildPhase;
			buildActionMask = 2147483647;
			files = (
			);
			inputPaths = (
			);
			name = "[CP] Check Pods Manifest.lock";
			outputPaths = (
			);
			runOnlyForDeploymentPostprocessing = 0;
			shellPath = /bin/sh;
			shellScript = "diff \"${PODS_ROOT}/../Podfile.lock\" \"${PODS_ROOT}/Manifest.lock\" > /dev/null\nif [ $? != 0 ] ; then\n    # print error to STDERR\n    echo \"error: The sandbox is not in sync with the Podfile.lock. Run 'pod install' or update your CocoaPods installation.\" >&2\n    exit 1\nfi\n";
			showEnvVarsInLog = 0;
		};
		80E05E706F58B5E1AC8CF697 /* [CP] Embed Pods Frameworks */ = {
			isa = PBXShellScriptBuildPhase;
			buildActionMask = 2147483647;
			files = (
			);
			inputPaths = (
			);
			name = "[CP] Embed Pods Frameworks";
			outputPaths = (
			);
			runOnlyForDeploymentPostprocessing = 0;
			shellPath = /bin/sh;
			shellScript = "\"${SRCROOT}/Pods/Target Support Files/Pods-loginTestApp/Pods-loginTestApp-frameworks.sh\"\n";
			showEnvVarsInLog = 0;
		};
		D80423388D43C084061BF0A1 /* [CP] Copy Pods Resources */ = {
			isa = PBXShellScriptBuildPhase;
			buildActionMask = 2147483647;
			files = (
			);
			inputPaths = (
			);
			name = "[CP] Copy Pods Resources";
			outputPaths = (
			);
			runOnlyForDeploymentPostprocessing = 0;
			shellPath = /bin/sh;
			shellScript = "\"${SRCROOT}/Pods/Target Support Files/Pods-loginTestApp/Pods-loginTestApp-resources.sh\"\n";
			showEnvVarsInLog = 0;
		};
/* End PBXShellScriptBuildPhase section */

/* Begin PBXSourcesBuildPhase section */
		8819A5F01E135DE300DD25E5 /* Sources */ = {
			isa = PBXSourcesBuildPhase;
			buildActionMask = 2147483647;
			files = (
				8819A5FA1E135DE300DD25E5 /* ViewController.swift in Sources */,
				8819A5F81E135DE300DD25E5 /* AppDelegate.swift in Sources */,
				88D925971E1378B000759134 /* User.swift in Sources */,
				88A9B84E1E13A1A700B68394 /* LoggedInViewController.swift in Sources */,
			);
			runOnlyForDeploymentPostprocessing = 0;
		};
/* End PBXSourcesBuildPhase section */

/* Begin PBXVariantGroup section */
		8819A6001E135DE300DD25E5 /* LaunchScreen.storyboard */ = {
			isa = PBXVariantGroup;
			children = (
				8819A6011E135DE300DD25E5 /* Base */,
			);
			name = LaunchScreen.storyboard;
			sourceTree = "<group>";
		};
/* End PBXVariantGroup section */

/* Begin XCBuildConfiguration section */
		8819A6041E135DE300DD25E5 /* Debug */ = {
			isa = XCBuildConfiguration;
			buildSettings = {
				ALWAYS_SEARCH_USER_PATHS = NO;
				CLANG_ANALYZER_NONNULL = YES;
				CLANG_CXX_LANGUAGE_STANDARD = "gnu++0x";
				CLANG_CXX_LIBRARY = "libc++";
				CLANG_ENABLE_MODULES = YES;
				CLANG_ENABLE_OBJC_ARC = YES;
				CLANG_WARN_BOOL_CONVERSION = YES;
				CLANG_WARN_CONSTANT_CONVERSION = YES;
				CLANG_WARN_DIRECT_OBJC_ISA_USAGE = YES_ERROR;
				CLANG_WARN_DOCUMENTATION_COMMENTS = YES;
				CLANG_WARN_EMPTY_BODY = YES;
				CLANG_WARN_ENUM_CONVERSION = YES;
				CLANG_WARN_INFINITE_RECURSION = YES;
				CLANG_WARN_INT_CONVERSION = YES;
				CLANG_WARN_OBJC_ROOT_CLASS = YES_ERROR;
				CLANG_WARN_SUSPICIOUS_MOVE = YES;
				CLANG_WARN_UNREACHABLE_CODE = YES;
				CLANG_WARN__DUPLICATE_METHOD_MATCH = YES;
				"CODE_SIGN_IDENTITY[sdk=iphoneos*]" = "iPhone Developer";
				COPY_PHASE_STRIP = NO;
				DEBUG_INFORMATION_FORMAT = dwarf;
				ENABLE_STRICT_OBJC_MSGSEND = YES;
				ENABLE_TESTABILITY = YES;
				GCC_C_LANGUAGE_STANDARD = gnu99;
				GCC_DYNAMIC_NO_PIC = NO;
				GCC_NO_COMMON_BLOCKS = YES;
				GCC_OPTIMIZATION_LEVEL = 0;
				GCC_PREPROCESSOR_DEFINITIONS = (
					"DEBUG=1",
					"$(inherited)",
				);
				GCC_WARN_64_TO_32_BIT_CONVERSION = YES;
				GCC_WARN_ABOUT_RETURN_TYPE = YES_ERROR;
				GCC_WARN_UNDECLARED_SELECTOR = YES;
				GCC_WARN_UNINITIALIZED_AUTOS = YES_AGGRESSIVE;
				GCC_WARN_UNUSED_FUNCTION = YES;
				GCC_WARN_UNUSED_VARIABLE = YES;
				IPHONEOS_DEPLOYMENT_TARGET = 10.2;
				MTL_ENABLE_DEBUG_INFO = YES;
				ONLY_ACTIVE_ARCH = YES;
				SDKROOT = iphoneos;
				SWIFT_ACTIVE_COMPILATION_CONDITIONS = DEBUG;
				SWIFT_OPTIMIZATION_LEVEL = "-Onone";
				TARGETED_DEVICE_FAMILY = "1,2";
			};
			name = Debug;
		};
		8819A6051E135DE300DD25E5 /* Release */ = {
			isa = XCBuildConfiguration;
			buildSettings = {
				ALWAYS_SEARCH_USER_PATHS = NO;
				CLANG_ANALYZER_NONNULL = YES;
				CLANG_CXX_LANGUAGE_STANDARD = "gnu++0x";
				CLANG_CXX_LIBRARY = "libc++";
				CLANG_ENABLE_MODULES = YES;
				CLANG_ENABLE_OBJC_ARC = YES;
				CLANG_WARN_BOOL_CONVERSION = YES;
				CLANG_WARN_CONSTANT_CONVERSION = YES;
				CLANG_WARN_DIRECT_OBJC_ISA_USAGE = YES_ERROR;
				CLANG_WARN_DOCUMENTATION_COMMENTS = YES;
				CLANG_WARN_EMPTY_BODY = YES;
				CLANG_WARN_ENUM_CONVERSION = YES;
				CLANG_WARN_INFINITE_RECURSION = YES;
				CLANG_WARN_INT_CONVERSION = YES;
				CLANG_WARN_OBJC_ROOT_CLASS = YES_ERROR;
				CLANG_WARN_SUSPICIOUS_MOVE = YES;
				CLANG_WARN_UNREACHABLE_CODE = YES;
				CLANG_WARN__DUPLICATE_METHOD_MATCH = YES;
				"CODE_SIGN_IDENTITY[sdk=iphoneos*]" = "iPhone Developer";
				COPY_PHASE_STRIP = NO;
				DEBUG_INFORMATION_FORMAT = "dwarf-with-dsym";
				ENABLE_NS_ASSERTIONS = NO;
				ENABLE_STRICT_OBJC_MSGSEND = YES;
				GCC_C_LANGUAGE_STANDARD = gnu99;
				GCC_NO_COMMON_BLOCKS = YES;
				GCC_WARN_64_TO_32_BIT_CONVERSION = YES;
				GCC_WARN_ABOUT_RETURN_TYPE = YES_ERROR;
				GCC_WARN_UNDECLARED_SELECTOR = YES;
				GCC_WARN_UNINITIALIZED_AUTOS = YES_AGGRESSIVE;
				GCC_WARN_UNUSED_FUNCTION = YES;
				GCC_WARN_UNUSED_VARIABLE = YES;
				IPHONEOS_DEPLOYMENT_TARGET = 10.2;
				MTL_ENABLE_DEBUG_INFO = NO;
				SDKROOT = iphoneos;
				SWIFT_OPTIMIZATION_LEVEL = "-Owholemodule";
				TARGETED_DEVICE_FAMILY = "1,2";
				VALIDATE_PRODUCT = YES;
			};
			name = Release;
		};
		8819A6071E135DE300DD25E5 /* Debug */ = {
			isa = XCBuildConfiguration;
			baseConfigurationReference = 2B8D2EB3FA666D0FE1D19424 /* Pods-loginTestApp.debug.xcconfig */;
			buildSettings = {
				ASSETCATALOG_COMPILER_APPICON_NAME = AppIcon;
				DEVELOPMENT_TEAM = 43A7KU2U67;
				INFOPLIST_FILE = loginTestApp/Info.plist;
				LD_RUNPATH_SEARCH_PATHS = "$(inherited) @executable_path/Frameworks";
				PRODUCT_BUNDLE_IDENTIFIER = com.alltopafi.loginTestApp;
				PRODUCT_NAME = "$(TARGET_NAME)";
				SWIFT_VERSION = 3.0;
			};
			name = Debug;
		};
		8819A6081E135DE300DD25E5 /* Release */ = {
			isa = XCBuildConfiguration;
			baseConfigurationReference = 9C83C87649C9F83B284F5D2C /* Pods-loginTestApp.release.xcconfig */;
			buildSettings = {
				ASSETCATALOG_COMPILER_APPICON_NAME = AppIcon;
				DEVELOPMENT_TEAM = 43A7KU2U67;
				INFOPLIST_FILE = loginTestApp/Info.plist;
				LD_RUNPATH_SEARCH_PATHS = "$(inherited) @executable_path/Frameworks";
				PRODUCT_BUNDLE_IDENTIFIER = com.alltopafi.loginTestApp;
				PRODUCT_NAME = "$(TARGET_NAME)";
				SWIFT_VERSION = 3.0;
			};
			name = Release;
		};
/* End XCBuildConfiguration section */

/* Begin XCConfigurationList section */
		8819A5EF1E135DE300DD25E5 /* Build configuration list for PBXProject "loginTestApp" */ = {
			isa = XCConfigurationList;
			buildConfigurations = (
				8819A6041E135DE300DD25E5 /* Debug */,
				8819A6051E135DE300DD25E5 /* Release */,
			);
			defaultConfigurationIsVisible = 0;
			defaultConfigurationName = Release;
		};
		8819A6061E135DE300DD25E5 /* Build configuration list for PBXNativeTarget "loginTestApp" */ = {
			isa = XCConfigurationList;
			buildConfigurations = (
				8819A6071E135DE300DD25E5 /* Debug */,
				8819A6081E135DE300DD25E5 /* Release */,
			);
			defaultConfigurationIsVisible = 0;
			defaultConfigurationName = Release;
		};
/* End XCConfigurationList section */
	};
	rootObject = 8819A5EC1E135DE300DD25E5 /* Project object */;
}
